PODS:
  - EggDeviceExt (0.1.5)
  - EggLoadingView (0.1.5):
    - EggDeviceExt
    - SwiftyGif
  - SwiftyGif (5.2.0)

DEPENDENCIES:
  - EggDeviceExt
  - EggLoadingView (from `../`)
  - SwiftyGif

SPEC REPOS:
  trunk:
    - EggDeviceExt
    - SwiftyGif

EXTERNAL SOURCES:
  EggLoadingView:
    :path: "../"

SPEC CHECKSUMS:
  EggDeviceExt: 1053b39121d3de2d65f83b03ed72e009fb9e1ebe
  EggLoadingView: 6eb845e7cfdcf3c7ae40b023b87e2ab200ec3290
  SwiftyGif: b85c6b33a9411859d9e1db998b6a8214aea942df

PODFILE CHECKSUM: 513f198d74cddecd6ad054c974d3049ea7a13342

COCOAPODS: 1.8.4
